{
  "name": "@dompack/dompack-carrousel",
  "version": "0.0.2",
  "lockfileVersion": 1,
  "requires": true,
  "dependencies": {
    "dompack": {
      "version": "1.4.0",
      "resolved": "https://registry.npmjs.org/dompack/-/dompack-1.4.0.tgz",
      "integrity": "sha512-Bk2x1AIzQiCx81AG9Aa4rnlq1pKckvGSC/eXheTZbCl1C2GJBrfqnyfmFKOCtgAMyg7kGu4bdlxsIA5y1WbRnA=="
    }
  }
}
